
Microsoft Visual Studio Solution File, Format Version 12.00
# Visual Studio Version 16
VisualStudioVersion = 16.0.28803.352
MinimumVisualStudioVersion = 10.0.40219.1
Project("{8BC9CEB8-8B4A-11D0-8D11-00A0C91BC942}") = "testeTargetDetection", "testeTargetDetection.vcxproj", "{5DAC6B92-3ED6-4229-8155-DB86529CFA24}"
EndProject
Global
	GlobalSection(SolutionConfigurationPlatforms) = preSolution
		Debug|x64 = Debug|x64
		Debug|x86 = Debug|x86
		Release|x64 = Release|x64
		Release|x86 = Release|x86
	EndGlobalSection
	GlobalSection(ProjectConfigurationPlatforms) = postSolution
		{5DAC6B92-3ED6-4229-8155-DB86529CFA24}.Debug|x64.ActiveCfg = Debug|x64
		{5DAC6B92-3ED6-4229-8155-DB86529CFA24}.Debug|x64.Build.0 = Debug|x64
		{5DAC6B92-3ED6-4229-8155-DB86529CFA24}.Debug|x86.ActiveCfg = Debug|Win32
		{5DAC6B92-3ED6-4229-8155-DB86529CFA24}.Debug|x86.Build.0 = Debug|Win32
		{5DAC6B92-3ED6-4229-8155-DB86529CFA24}.Release|x64.ActiveCfg = Release|x64
		{5DAC6B92-3ED6-4229-8155-DB86529CFA24}.Release|x64.Build.0 = Release|x64
		{5DAC6B92-3ED6-4229-8155-DB86529CFA24}.Release|x86.ActiveCfg = Release|Win32
		{5DAC6B92-3ED6-4229-8155-DB86529CFA24}.Release|x86.Build.0 = Release|Win32
	EndGlobalSection
	GlobalSection(SolutionProperties) = preSolution
		HideSolutionNode = FALSE
	EndGlobalSection
	GlobalSection(ExtensibilityGlobals) = postSolution
		SolutionGuid = {E5E1A1EB-0EF2-48BB-B150-3EF514A270FD}
	EndGlobalSection
EndGlobal
